
Microsoft Visual Studio Solution File, Format Version 12.00
# Visual Studio Version 16
VisualStudioVersion = 16.0.30011.22
MinimumVisualStudioVersion = 10.0.40219.1
Project("{9A19103F-16F7-4668-BE54-9A1E7A4F7556}") = "Kanate.Tools.Tests", "Kanate.Tools.Tests\Kanate.Tools.Tests.csproj", "{4C7F29CF-417A-4027-B0DE-8E3DDF30EBE1}"
EndProject
Project("{9A19103F-16F7-4668-BE54-9A1E7A4F7556}") = "Kanate.Tools", "Kanate.Tools\Kanate.Tools.csproj", "{92459DCD-738E-449F-9980-BB0C457B8F97}"
EndProject
Global
	GlobalSection(SolutionConfigurationPlatforms) = preSolution
		Debug|Any CPU = Debug|Any CPU
		Release|Any CPU = Release|Any CPU
	EndGlobalSection
	GlobalSection(ProjectConfigurationPlatforms) = postSolution
		{4C7F29CF-417A-4027-B0DE-8E3DDF30EBE1}.Debug|Any CPU.ActiveCfg = Debug|Any CPU
		{4C7F29CF-417A-4027-B0DE-8E3DDF30EBE1}.Debug|Any CPU.Build.0 = Debug|Any CPU
		{4C7F29CF-417A-4027-B0DE-8E3DDF30EBE1}.Release|Any CPU.ActiveCfg = Release|Any CPU
		{4C7F29CF-417A-4027-B0DE-8E3DDF30EBE1}.Release|Any CPU.Build.0 = Release|Any CPU
		{92459DCD-738E-449F-9980-BB0C457B8F97}.Debug|Any CPU.ActiveCfg = Debug|Any CPU
		{92459DCD-738E-449F-9980-BB0C457B8F97}.Debug|Any CPU.Build.0 = Debug|Any CPU
		{92459DCD-738E-449F-9980-BB0C457B8F97}.Release|Any CPU.ActiveCfg = Release|Any CPU
		{92459DCD-738E-449F-9980-BB0C457B8F97}.Release|Any CPU.Build.0 = Release|Any CPU
	EndGlobalSection
	GlobalSection(SolutionProperties) = preSolution
		HideSolutionNode = FALSE
	EndGlobalSection
	GlobalSection(ExtensibilityGlobals) = postSolution
		SolutionGuid = {F093F4CF-4649-4B4C-8D58-750CDF3D719C}
	EndGlobalSection
EndGlobal
